
Microsoft Visual Studio Solution File, Format Version 12.00
# Visual Studio 15
VisualStudioVersion = 15.0.27703.2026
MinimumVisualStudioVersion = 10.0.40219.1
Project("{2150E333-8FDC-42A3-9474-1A3956D46DE8}") = "Feature", "Feature", "{89D88C65-EB48-46C5-9EE2-803CCD75DD41}"
EndProject
Project("{2150E333-8FDC-42A3-9474-1A3956D46DE8}") = "Foundation", "Foundation", "{949C9711-83B6-4D11-BDEB-3CCABD7CEFA2}"
EndProject
Project("{2150E333-8FDC-42A3-9474-1A3956D46DE8}") = "Project", "Project", "{677D89A1-1912-4A74-B333-A6E6BA02F0DF}"
EndProject
Project("{2150E333-8FDC-42A3-9474-1A3956D46DE8}") = "PageContent", "PageContent", "{581A634F-9F11-4213-8074-D803FC313A21}"
EndProject
Project("{FAE04EC0-301F-11D3-BF4B-00C04F79EFBC}") = "Sitecore.Feature.PageContent", "src\Feature\pageContent\code\Sitecore.Feature.PageContent\Sitecore.Feature.PageContent.csproj", "{ABAEBA70-98D7-41ED-9718-EF6796F62A57}"
EndProject
Project("{2150E333-8FDC-42A3-9474-1A3956D46DE8}") = "TeaRoom", "TeaRoom", "{36C7190F-DC5A-47E5-9C54-A9B0E8E311EA}"
EndProject
Project("{2150E333-8FDC-42A3-9474-1A3956D46DE8}") = "Configuration", "Configuration", "{A50E6556-8DC1-4FB3-8662-5B663CD4DD27}"
	ProjectSection(SolutionItems) = preProject
		.gitignore = .gitignore
		package.json = package.json
		readme.md = readme.md
		webpack.config.js = webpack.config.js
	EndProjectSection
EndProject
Project("{FAE04EC0-301F-11D3-BF4B-00C04F79EFBC}") = "Sitecore.TeamRoom.Website", "src\Project\TeamRoom\code\Sitecore.TeamRoom.Website\Sitecore.TeamRoom.Website.csproj", "{8D90EF5D-4A39-45E4-A872-39D854A5A862}"
EndProject
Project("{2150E333-8FDC-42A3-9474-1A3956D46DE8}") = "Products", "Products", "{6F93B553-8D31-4145-8D13-AEF519A3FD56}"
EndProject
Project("{FAE04EC0-301F-11D3-BF4B-00C04F79EFBC}") = "Sitecore.Feature.Products", "src\Feature\products\code\Sitecore.Feature.Products\Sitecore.Feature.Products.csproj", "{D61056F3-9EB5-4CEE-BF52-E77CF25A0625}"
EndProject
Global
	GlobalSection(SolutionConfigurationPlatforms) = preSolution
		Debug|Any CPU = Debug|Any CPU
		Release|Any CPU = Release|Any CPU
	EndGlobalSection
	GlobalSection(ProjectConfigurationPlatforms) = postSolution
		{ABAEBA70-98D7-41ED-9718-EF6796F62A57}.Debug|Any CPU.ActiveCfg = Debug|Any CPU
		{ABAEBA70-98D7-41ED-9718-EF6796F62A57}.Debug|Any CPU.Build.0 = Debug|Any CPU
		{ABAEBA70-98D7-41ED-9718-EF6796F62A57}.Release|Any CPU.ActiveCfg = Release|Any CPU
		{ABAEBA70-98D7-41ED-9718-EF6796F62A57}.Release|Any CPU.Build.0 = Release|Any CPU
		{8D90EF5D-4A39-45E4-A872-39D854A5A862}.Debug|Any CPU.ActiveCfg = Debug|Any CPU
		{8D90EF5D-4A39-45E4-A872-39D854A5A862}.Debug|Any CPU.Build.0 = Debug|Any CPU
		{8D90EF5D-4A39-45E4-A872-39D854A5A862}.Release|Any CPU.ActiveCfg = Release|Any CPU
		{8D90EF5D-4A39-45E4-A872-39D854A5A862}.Release|Any CPU.Build.0 = Release|Any CPU
		{D61056F3-9EB5-4CEE-BF52-E77CF25A0625}.Debug|Any CPU.ActiveCfg = Debug|Any CPU
		{D61056F3-9EB5-4CEE-BF52-E77CF25A0625}.Debug|Any CPU.Build.0 = Debug|Any CPU
		{D61056F3-9EB5-4CEE-BF52-E77CF25A0625}.Release|Any CPU.ActiveCfg = Release|Any CPU
		{D61056F3-9EB5-4CEE-BF52-E77CF25A0625}.Release|Any CPU.Build.0 = Release|Any CPU
	EndGlobalSection
	GlobalSection(SolutionProperties) = preSolution
		HideSolutionNode = FALSE
	EndGlobalSection
	GlobalSection(NestedProjects) = preSolution
		{581A634F-9F11-4213-8074-D803FC313A21} = {89D88C65-EB48-46C5-9EE2-803CCD75DD41}
		{ABAEBA70-98D7-41ED-9718-EF6796F62A57} = {581A634F-9F11-4213-8074-D803FC313A21}
		{36C7190F-DC5A-47E5-9C54-A9B0E8E311EA} = {677D89A1-1912-4A74-B333-A6E6BA02F0DF}
		{8D90EF5D-4A39-45E4-A872-39D854A5A862} = {36C7190F-DC5A-47E5-9C54-A9B0E8E311EA}
		{6F93B553-8D31-4145-8D13-AEF519A3FD56} = {89D88C65-EB48-46C5-9EE2-803CCD75DD41}
		{D61056F3-9EB5-4CEE-BF52-E77CF25A0625} = {6F93B553-8D31-4145-8D13-AEF519A3FD56}
	EndGlobalSection
	GlobalSection(ExtensibilityGlobals) = postSolution
		SolutionGuid = {7245BDFD-1630-4948-9732-705F21BF82AE}
	EndGlobalSection
EndGlobal
